{
  "name": "reader-stat",
  "version": "2.1.3",
  "lockfileVersion": 1,
  "requires": true,
  "dependencies": {
    "balanced-match": {
      "version": "1.0.0",
      "resolved": "https://registry.npmjs.org/balanced-match/-/balanced-match-1.0.0.tgz",
      "integrity": "sha1-ibTRmasr7kneFk6gK4nORi1xt2c="
    },
    "brace-expansion": {
      "version": "1.1.11",
      "resolved": "https://registry.npmjs.org/brace-expansion/-/brace-expansion-1.1.11.tgz",
      "integrity": "sha512-iCuPHDFgrHX7H2vEI/5xpz07zSHB00TpugqhmYtVmMO6518mCuRMoOYFldEBl0g187ufozdaHgWKcYFb61qGiA==",
      "requires": {
        "balanced-match": "^1.0.0",
        "concat-map": "0.0.1"
      }
    },
    "checkup": {
      "version": "1.3.0",
      "resolved": "https://registry.npmjs.org/checkup/-/checkup-1.3.0.tgz",
      "integrity": "sha1-04ACdv6l0PJH/8lRvnjIsC+ODXY="
    },
    "concat-map": {
      "version": "0.0.1",
      "resolved": "https://registry.npmjs.org/concat-map/-/concat-map-0.0.1.tgz",
      "integrity": "sha1-2Klr13/Wjfd5OnMDajug1UBdR3s="
    },
    "core-util-is": {
      "version": "1.0.2",
      "resolved": "https://registry.npmjs.org/core-util-is/-/core-util-is-1.0.2.tgz",
      "integrity": "sha1-tf1UIgqivFq1eqtxQMlAdUUDwac="
    },
    "debug": {
      "version": "3.1.0",
      "resolved": "https://registry.npmjs.org/debug/-/debug-3.1.0.tgz",
      "integrity": "sha512-OX8XqP7/1a9cqkxYw2yXss15f26NKWBpDXQd0/uK/KPqdQhxbPa994hnzjcE2VqQpDslf55723cKPUOGSmMY3g==",
      "requires": {
        "ms": "2.0.0"
      }
    },
    "deep-extend": {
      "version": "0.6.0",
      "resolved": "https://registry.npmjs.org/deep-extend/-/deep-extend-0.6.0.tgz",
      "integrity": "sha512-LOHxIOaPYdHlJRtCQfDIVZtfw/ufM8+rVj649RIHzcm/vGwQRXFt6OPqIFWsm2XEMrNIEtWR64sY1LEKD2vAOA=="
    },
    "fs.realpath": {
      "version": "1.0.0",
      "resolved": "https://registry.npmjs.org/fs.realpath/-/fs.realpath-1.0.0.tgz",
      "integrity": "sha1-FQStJSMVjKpA20onh8sBQRmU6k8="
    },
    "fullstore": {
      "version": "1.1.0",
      "resolved": "https://registry.npmjs.org/fullstore/-/fullstore-1.1.0.tgz",
      "integrity": "sha512-XNlCWr3KBIL97G8mTR+dZ/J648ECCffflfFRgZW3Zm7pO0PYnH/ZCbwZjV1Dw4LrrDdhV6gnayiIcmdIY4JTsw=="
    },
    "glob": {
      "version": "7.1.2",
      "resolved": "https://registry.npmjs.org/glob/-/glob-7.1.2.tgz",
      "integrity": "sha512-MJTUg1kjuLeQCJ+ccE4Vpa6kKVXkPYJ2mOCQyUuKLcLQsdrMCpBPUi8qVE6+YuaJkozeA9NusTAw3hLr8Xe5EQ==",
      "requires": {
        "fs.realpath": "^1.0.0",
        "inflight": "^1.0.4",
        "inherits": "2",
        "minimatch": "^3.0.4",
        "once": "^1.3.0",
        "path-is-absolute": "^1.0.0"
      }
    },
    "iconv-lite": {
      "version": "0.4.23",
      "resolved": "https://registry.npmjs.org/iconv-lite/-/iconv-lite-0.4.23.tgz",
      "integrity": "sha512-neyTUVFtahjf0mB3dZT77u+8O0QB89jFdnBkd5P1JgYPbPaia3gXXOVL2fq8VyU2gMMD7SaN7QukTB/pmXYvDA==",
      "requires": {
        "safer-buffer": ">= 2.1.2 < 3"
      }
    },
    "inflight": {
      "version": "1.0.6",
      "resolved": "https://registry.npmjs.org/inflight/-/inflight-1.0.6.tgz",
      "integrity": "sha1-Sb1jMdfQLQwJvJEKEHW6gWW1bfk=",
      "requires": {
        "once": "^1.3.0",
        "wrappy": "1"
      }
    },
    "inherits": {
      "version": "2.0.3",
      "resolved": "https://registry.npmjs.org/inherits/-/inherits-2.0.3.tgz",
      "integrity": "sha1-Yzwsg+PaQqUC9SRmAiSA9CCCYd4="
    },
    "isarray": {
      "version": "1.0.0",
      "resolved": "https://registry.npmjs.org/isarray/-/isarray-1.0.0.tgz",
      "integrity": "sha1-u5NdSFgsuhaMBoNJV6VKPgcSTxE="
    },
    "ischanged": {
      "version": "2.0.0",
      "resolved": "https://registry.npmjs.org/ischanged/-/ischanged-2.0.0.tgz",
      "integrity": "sha512-Z4KKa9aTFPCc6tskxngz37Eb1/cjJrlLlSb0OISRNMJiJe3uVzE6RFAUgm8rmF6fvqdJKfvbwjCyN+ZnlC1bng==",
      "requires": {
        "checkup": "^1.3.0",
        "debug": "^3.0.0",
        "mkdirp": "^0.5.0",
        "readjson": "^1.1.0",
        "timem": "^1.1.0",
        "writejson": "^2.0.0"
      }
    },
    "minimatch": {
      "version": "3.0.4",
      "resolved": "https://registry.npmjs.org/minimatch/-/minimatch-3.0.4.tgz",
      "integrity": "sha512-yJHVQEhyqPLUTgt9B83PXu6W3rx4MvvHvSUvToogpwoGDOUQ+yDrR0HRot+yOCdCO7u4hX3pWft6kWBBcqh0UA==",
      "requires": {
        "brace-expansion": "^1.1.7"
      }
    },
    "mkdirp": {
      "version": "0.5.2",
      "resolved": "https://registry.npmjs.org/mkdirp/-/mkdirp-0.5.2.tgz",
      "integrity": "sha512-jczt4BrifxW743wRHJ05AnqIF52sDrHCAjTO66cFQStG1/jHMLFSGdAa3Rec21jdEObaPugcXfbh6Ammt2VQsw==",
      "requires": {
        "minimist": "^1.2.5"
      },
      "dependencies": {
        "minimist": {
          "version": "1.2.6",
          "resolved": "https://registry.npmjs.org/minimist/-/minimist-1.2.6.tgz",
          "integrity": "sha512-Jsjnk4bw3YJqYzbdyBiNsPWHPfO++UGG749Cxs6peCu5Xg4nrena6OVxOYxrQTqww0Jmwt+Ref8rggumkTLz9Q=="
        }
      }
    },
    "ms": {
      "version": "2.0.0",
      "resolved": "https://registry.npmjs.org/ms/-/ms-2.0.0.tgz",
      "integrity": "sha1-VgiurfwAvmwpAd9fmGF4jeDVl8g="
    },
    "nicki": {
      "version": "3.0.1",
      "resolved": "https://registry.npmjs.org/nicki/-/nicki-3.0.1.tgz",
      "integrity": "sha512-In5by5FCG43iYziMadNMFMkW0BJc+3u+7pYZbiudH9fVsykzQ+JUoue7PkL7Qe0hFgbpzDH+Fv5OB2Mr8obHfw==",
      "requires": {
        "ischanged": "^2.0.0",
        "spawnify": "^4.0.1"
      }
    },
    "once": {
      "version": "1.4.0",
      "resolved": "https://registry.npmjs.org/once/-/once-1.4.0.tgz",
      "integrity": "sha1-WDsap3WWHUsROsF9nFC6753Xa9E=",
      "requires": {
        "wrappy": "1"
      }
    },
    "os-homedir": {
      "version": "1.0.2",
      "resolved": "https://registry.npmjs.org/os-homedir/-/os-homedir-1.0.2.tgz",
      "integrity": "sha1-/7xJiDNuDoM94MFox+8VISGqf7M="
    },
    "path-is-absolute": {
      "version": "1.0.1",
      "resolved": "https://registry.npmjs.org/path-is-absolute/-/path-is-absolute-1.0.1.tgz",
      "integrity": "sha1-F0uSaHNVNP+8es5r9TpanhtcX18="
    },
    "process-nextick-args": {
      "version": "2.0.0",
      "resolved": "https://registry.npmjs.org/process-nextick-args/-/process-nextick-args-2.0.0.tgz",
      "integrity": "sha512-MtEC1TqN0EU5nephaJ4rAtThHtC86dNN9qCuEhtshvpVBkAW5ZO7BASN9REnF9eoXGcRub+pFuKEpOHE+HbEMw=="
    },
    "pullout": {
      "version": "2.0.0",
      "resolved": "https://registry.npmjs.org/pullout/-/pullout-2.0.0.tgz",
      "integrity": "sha512-R8mVmWgQAaYfL48zq5hM9MqNIMnhPLRz+4SCVulyLwPMxqUcKzXpOHw+nqxMHniThrX/8avrL5AiO1+ASbV1Pw=="
    },
    "readable-stream": {
      "version": "2.3.6",
      "resolved": "https://registry.npmjs.org/readable-stream/-/readable-stream-2.3.6.tgz",
      "integrity": "sha512-tQtKA9WIAhBF3+VLAseyMqZeBjW0AHJoxOtYqSUZNJxauErmLbVm2FW1y+J/YA9dUrAC39ITejlZWhVIwawkKw==",
      "requires": {
        "core-util-is": "~1.0.0",
        "inherits": "~2.0.3",
        "isarray": "~1.0.0",
        "process-nextick-args": "~2.0.0",
        "safe-buffer": "~5.1.1",
        "string_decoder": "~1.1.1",
        "util-deprecate": "~1.0.1"
      }
    },
    "readjson": {
      "version": "1.1.4",
      "resolved": "https://registry.npmjs.org/readjson/-/readjson-1.1.4.tgz",
      "integrity": "sha512-H4dRk2S67w3HtE1apnw5wlHpN9qkJ0pen0AcEvyAfnrPfskZIyUOYLXpfN6olDQZI+eUlxg0Yo4lJ2bymujOUA==",
      "requires": {
        "try-catch": "^2.0.0"
      }
    },
    "safe-buffer": {
      "version": "5.1.2",
      "resolved": "https://registry.npmjs.org/safe-buffer/-/safe-buffer-5.1.2.tgz",
      "integrity": "sha512-Gd2UZBJDkXlY7GbJxfsE8/nvKkUEU1G38c1siN6QP6a9PT9MmHB8GnpscSmMJSoF8LOIrt8ud/wPtojys4G6+g=="
    },
    "safer-buffer": {
      "version": "2.1.2",
      "resolved": "https://registry.npmjs.org/safer-buffer/-/safer-buffer-2.1.2.tgz",
      "integrity": "sha512-YZo3K82SD7Riyi0E1EQPojLz7kpepnSQI9IyPbHHg1XXXevb5dJI7tpyN2ADxGcQbHG7vcyRHk0cbwqcQriUtg=="
    },
    "spawnify": {
      "version": "4.0.5",
      "resolved": "https://registry.npmjs.org/spawnify/-/spawnify-4.0.5.tgz",
      "integrity": "sha512-AjzVQiAzRaAwNpwoqDwS+FBtfWxhidlMGUT6nC0qt27+2o5xmraHUcp1eHDX2OytjHFtjI1s+aUWmjH7nTGqHQ==",
      "requires": {
        "glob": "^7.1.0",
        "tildify": "^1.2.0",
        "try-catch": "^2.0.0",
        "untildify": "^3.0.2",
        "win32": "^2.0.0"
      }
    },
    "stat-mode": {
      "version": "0.3.0",
      "resolved": "https://registry.npmjs.org/stat-mode/-/stat-mode-0.3.0.tgz",
      "integrity": "sha512-QjMLR0A3WwFY2aZdV0okfFEJB5TRjkggXZjxP3A1RsWsNHNu3YPv8btmtc6iCFZ0Rul3FE93OYogvhOUClU+ng=="
    },
    "string_decoder": {
      "version": "1.1.1",
      "resolved": "https://registry.npmjs.org/string_decoder/-/string_decoder-1.1.1.tgz",
      "integrity": "sha512-n/ShnvDi6FHbbVfviro+WojiFzv+s8MPMHBczVePfUpDJLwoLT0ht1l4YwBCbi8pJAveEEdnkHyPyTP/mzRfwg==",
      "requires": {
        "safe-buffer": "~5.1.0"
      }
    },
    "through2": {
      "version": "2.0.3",
      "resolved": "https://registry.npmjs.org/through2/-/through2-2.0.3.tgz",
      "integrity": "sha1-AARWmzfHx0ujnEPzzteNGtlBQL4=",
      "requires": {
        "readable-stream": "^2.1.5",
        "xtend": "~4.0.1"
      }
    },
    "tildify": {
      "version": "1.2.0",
      "resolved": "https://registry.npmjs.org/tildify/-/tildify-1.2.0.tgz",
      "integrity": "sha1-3OwD9V3Km3qj5bBPIYF+tW5jWIo=",
      "requires": {
        "os-homedir": "^1.0.0"
      }
    },
    "timem": {
      "version": "1.1.2",
      "resolved": "https://registry.npmjs.org/timem/-/timem-1.1.2.tgz",
      "integrity": "sha1-/pMAbCglOo2lxJKZMGmR+kzE9Aw="
    },
    "try-catch": {
      "version": "2.0.0",
      "resolved": "https://registry.npmjs.org/try-catch/-/try-catch-2.0.0.tgz",
      "integrity": "sha512-RPXpVjsbtWgymwGq5F/OWDFsjEzdvzwHFaMjWWW6f/p6+uk/N7YSKJHQfIfGqITfj8qH4cBqCLMnhKZBaKk7Kg=="
    },
    "untildify": {
      "version": "3.0.3",
      "resolved": "https://registry.npmjs.org/untildify/-/untildify-3.0.3.tgz",
      "integrity": "sha512-iSk/J8efr8uPT/Z4eSUywnqyrQU7DSdMfdqK4iWEaUVVmcP5JcnpRqmVMwcwcnmI1ATFNgC5V90u09tBynNFKA=="
    },
    "util-deprecate": {
      "version": "1.0.2",
      "resolved": "https://registry.npmjs.org/util-deprecate/-/util-deprecate-1.0.2.tgz",
      "integrity": "sha1-RQ1Nyfpw3nMnYvvS1KKJgUGaDM8="
    },
    "win32": {
      "version": "2.0.2",
      "resolved": "https://registry.npmjs.org/win32/-/win32-2.0.2.tgz",
      "integrity": "sha512-3qVgJdmkRVVfCqzqQegSfzomXnsVYg1Kq+rdJhFCrePpnx5Km65fxdxHS15CIi1w2MuP1TvsCQI+5dLgU9ihoA==",
      "requires": {
        "fullstore": "^1.1.0",
        "iconv-lite": "^0.4.13",
        "pullout": "^2.0.0",
        "through2": "^2.0.1"
      }
    },
    "wrappy": {
      "version": "1.0.2",
      "resolved": "https://registry.npmjs.org/wrappy/-/wrappy-1.0.2.tgz",
      "integrity": "sha1-tSQ9jz7BqjXxNkYFvA0QNuMKtp8="
    },
    "writejson": {
      "version": "2.0.1",
      "resolved": "https://registry.npmjs.org/writejson/-/writejson-2.0.1.tgz",
      "integrity": "sha512-L8sjHabAAph4TXKsS1Q7CPUBpuheIACbUIG6QHVdPgTPLNKmP/2bc+rGdQvu14NZrEj8YOuIyPJuqonf3qyCCg==",
      "requires": {
        "try-catch": "^2.0.0"
      }
    },
    "xtend": {
      "version": "4.0.1",
      "resolved": "https://registry.npmjs.org/xtend/-/xtend-4.0.1.tgz",
      "integrity": "sha1-pcbVMr5lbiPbgg77lDofBJmNY68="
    }
  }
}
