{
  "name": "reader-stat",
  "version": "2.1.3",
  "lockfileVersion": 2,
  "requires": true,
  "packages": {
    "": {
      "name": "reader-stat",
      "version": "2.1.3",
      "license": "MIT",
      "dependencies": {
        "deep-extend": "^0.6.0",
        "nicki": "^6.1.1",
        "stat-mode": "^1.0.0"
      }
    },
    "node_modules/checkup": {
      "version": "1.3.0",
      "resolved": "https://registry.npmjs.org/checkup/-/checkup-1.3.0.tgz",
      "integrity": "sha1-04ACdv6l0PJH/8lRvnjIsC+ODXY=",
      "engines": {
        "node": ">=0.8"
      }
    },
    "node_modules/debug": {
      "version": "4.3.4",
      "resolved": "https://registry.npmjs.org/debug/-/debug-4.3.4.tgz",
      "integrity": "sha512-PRWFHuSU3eDtQJPvnNY7Jcket1j0t5OuOsFzPPzsekD52Zl8qUfFIPEiswXqIvHWGVHOgX+7G/vCNNhehwxfkQ==",
      "dependencies": {
        "ms": "2.1.2"
      },
      "engines": {
        "node": ">=6.0"
      },
      "peerDependenciesMeta": {
        "supports-color": {
          "optional": true
        }
      }
    },
    "node_modules/deep-extend": {
      "version": "0.6.0",
      "resolved": "https://registry.npmjs.org/deep-extend/-/deep-extend-0.6.0.tgz",
      "integrity": "sha512-LOHxIOaPYdHlJRtCQfDIVZtfw/ufM8+rVj649RIHzcm/vGwQRXFt6OPqIFWsm2XEMrNIEtWR64sY1LEKD2vAOA==",
      "engines": {
        "node": ">=4.0.0"
      }
    },
    "node_modules/ischanged": {
      "version": "4.0.0",
      "resolved": "https://registry.npmjs.org/ischanged/-/ischanged-4.0.0.tgz",
      "integrity": "sha512-BxDcd6AYg4NltCz7nyvy/8JV8cQvMwAR/EUm2Ix3dqz/RWUWvewoFZ657fj/0FYzZNB8Tl5bs69htIwrsW8WaA==",
      "dependencies": {
        "checkup": "^1.3.0",
        "debug": "^4.1.1",
        "mkdirp": "^1.0.3",
        "readjson": "^2.0.1",
        "timem": "^3.0.0",
        "try-to-catch": "^3.0.0",
        "writejson": "^3.0.0"
      },
      "engines": {
        "node": ">=14"
      }
    },
    "node_modules/jju": {
      "version": "1.4.0",
      "resolved": "https://registry.npmjs.org/jju/-/jju-1.4.0.tgz",
      "integrity": "sha1-o6vicYryQaKykE+EpiWXDzia4yo="
    },
    "node_modules/mkdirp": {
      "version": "1.0.4",
      "resolved": "https://registry.npmjs.org/mkdirp/-/mkdirp-1.0.4.tgz",
      "integrity": "sha512-vVqVZQyf3WLx2Shd0qJ9xuvqgAyKPLAiqITEtqW0oIUjzo3PePDd6fW9iFz30ef7Ysp/oiWqbhszeGWW2T6Gzw==",
      "bin": {
        "mkdirp": "bin/cmd.js"
      },
      "engines": {
        "node": ">=10"
      }
    },
    "node_modules/ms": {
      "version": "2.1.2",
      "resolved": "https://registry.npmjs.org/ms/-/ms-2.1.2.tgz",
      "integrity": "sha512-sGkPx+VjMtmA6MX27oA4FBFELFCZZ4S4XqeGOXCv68tT+jb3vk/RyaKWP0PTKyWtmLSM0b+adUTEvbs1PEaH2w=="
    },
    "node_modules/nicki": {
      "version": "6.1.1",
      "resolved": "https://registry.npmjs.org/nicki/-/nicki-6.1.1.tgz",
      "integrity": "sha512-Ym4djRsGKqu6DcveR6DZW0T5QLkwavpc22IjrPM6YMC/IoR7zLZoLATV2CFp5PsNaxzlUxClECTflmV5ZqRHrw==",
      "dependencies": {
        "ischanged": "^4.0.0"
      },
      "engines": {
        "node": ">=14"
      }
    },
    "node_modules/readjson": {
      "version": "2.2.2",
      "resolved": "https://registry.npmjs.org/readjson/-/readjson-2.2.2.tgz",
      "integrity": "sha512-PdeC9tsmLWBiL8vMhJvocq+OezQ3HhsH2HrN7YkhfYcTjQSa/iraB15A7Qvt7Xpr0Yd2rDNt6GbFwVQDg3HcAw==",
      "dependencies": {
        "jju": "^1.4.0",
        "try-catch": "^3.0.0"
      },
      "engines": {
        "node": ">=10"
      }
    },
    "node_modules/stat-mode": {
      "version": "1.0.0",
      "resolved": "https://registry.npmjs.org/stat-mode/-/stat-mode-1.0.0.tgz",
      "integrity": "sha512-jH9EhtKIjuXZ2cWxmXS8ZP80XyC3iasQxMDV8jzhNJpfDb7VbQLVW4Wvsxz9QZvzV+G4YoSfBUVKDOyxLzi/sg==",
      "engines": {
        "node": ">= 6"
      }
    },
    "node_modules/timem": {
      "version": "3.0.0",
      "resolved": "https://registry.npmjs.org/timem/-/timem-3.0.0.tgz",
      "integrity": "sha512-2gVEJ3GPEQcWmtHuyoafUrSQbpRQExEsR3xmPqtGLdERqb1ez32HW8iyVwz9P3FrTl5qmBJZf9zEIGLZKCCHGA==",
      "engines": {
        "node": ">=14"
      }
    },
    "node_modules/try-catch": {
      "version": "3.0.1",
      "resolved": "https://registry.npmjs.org/try-catch/-/try-catch-3.0.1.tgz",
      "integrity": "sha512-91yfXw1rr/P6oLpHSyHDOHm0vloVvUoo9FVdw8YwY05QjJQG9OT0LUxe2VRAzmHG+0CUOmI3nhxDUMLxDN/NEQ==",
      "engines": {
        "node": ">=6"
      }
    },
    "node_modules/try-to-catch": {
      "version": "3.0.1",
      "resolved": "https://registry.npmjs.org/try-to-catch/-/try-to-catch-3.0.1.tgz",
      "integrity": "sha512-hOY83V84Hx/1sCzDSaJA+Xz2IIQOHRvjxzt+F0OjbQGPZ6yLPLArMA0gw/484MlfUkQbCpKYMLX3VDCAjWKfzQ==",
      "engines": {
        "node": ">=6"
      }
    },
    "node_modules/writejson": {
      "version": "3.0.0",
      "resolved": "https://registry.npmjs.org/writejson/-/writejson-3.0.0.tgz",
      "integrity": "sha512-ekMZxrB4zBl0RHBlObSVcU+2Nx7Xe9vZLcgJFe2oHLfgkjl5LueAgilGrgXVKJRs/y/xP3FteyvUP3QurJ058A==",
      "dependencies": {
        "try-catch": "^3.0.0"
      },
      "engines": {
        "node": ">=10.0.0"
      }
    }
  },
  "dependencies": {
    "checkup": {
      "version": "1.3.0",
      "resolved": "https://registry.npmjs.org/checkup/-/checkup-1.3.0.tgz",
      "integrity": "sha1-04ACdv6l0PJH/8lRvnjIsC+ODXY="
    },
    "debug": {
      "version": "4.3.4",
      "resolved": "https://registry.npmjs.org/debug/-/debug-4.3.4.tgz",
      "integrity": "sha512-PRWFHuSU3eDtQJPvnNY7Jcket1j0t5OuOsFzPPzsekD52Zl8qUfFIPEiswXqIvHWGVHOgX+7G/vCNNhehwxfkQ==",
      "requires": {
        "ms": "2.1.2"
      }
    },
    "deep-extend": {
      "version": "0.6.0",
      "resolved": "https://registry.npmjs.org/deep-extend/-/deep-extend-0.6.0.tgz",
      "integrity": "sha512-LOHxIOaPYdHlJRtCQfDIVZtfw/ufM8+rVj649RIHzcm/vGwQRXFt6OPqIFWsm2XEMrNIEtWR64sY1LEKD2vAOA=="
    },
    "ischanged": {
      "version": "4.0.0",
      "resolved": "https://registry.npmjs.org/ischanged/-/ischanged-4.0.0.tgz",
      "integrity": "sha512-BxDcd6AYg4NltCz7nyvy/8JV8cQvMwAR/EUm2Ix3dqz/RWUWvewoFZ657fj/0FYzZNB8Tl5bs69htIwrsW8WaA==",
      "requires": {
        "checkup": "^1.3.0",
        "debug": "^4.1.1",
        "mkdirp": "^1.0.3",
        "readjson": "^2.0.1",
        "timem": "^3.0.0",
        "try-to-catch": "^3.0.0",
        "writejson": "^3.0.0"
      }
    },
    "jju": {
      "version": "1.4.0",
      "resolved": "https://registry.npmjs.org/jju/-/jju-1.4.0.tgz",
      "integrity": "sha1-o6vicYryQaKykE+EpiWXDzia4yo="
    },
    "mkdirp": {
      "version": "1.0.4",
      "resolved": "https://registry.npmjs.org/mkdirp/-/mkdirp-1.0.4.tgz",
      "integrity": "sha512-vVqVZQyf3WLx2Shd0qJ9xuvqgAyKPLAiqITEtqW0oIUjzo3PePDd6fW9iFz30ef7Ysp/oiWqbhszeGWW2T6Gzw=="
    },
    "ms": {
      "version": "2.1.2",
      "resolved": "https://registry.npmjs.org/ms/-/ms-2.1.2.tgz",
      "integrity": "sha512-sGkPx+VjMtmA6MX27oA4FBFELFCZZ4S4XqeGOXCv68tT+jb3vk/RyaKWP0PTKyWtmLSM0b+adUTEvbs1PEaH2w=="
    },
    "nicki": {
      "version": "6.1.1",
      "resolved": "https://registry.npmjs.org/nicki/-/nicki-6.1.1.tgz",
      "integrity": "sha512-Ym4djRsGKqu6DcveR6DZW0T5QLkwavpc22IjrPM6YMC/IoR7zLZoLATV2CFp5PsNaxzlUxClECTflmV5ZqRHrw==",
      "requires": {
        "ischanged": "^4.0.0"
      }
    },
    "readjson": {
      "version": "2.2.2",
      "resolved": "https://registry.npmjs.org/readjson/-/readjson-2.2.2.tgz",
      "integrity": "sha512-PdeC9tsmLWBiL8vMhJvocq+OezQ3HhsH2HrN7YkhfYcTjQSa/iraB15A7Qvt7Xpr0Yd2rDNt6GbFwVQDg3HcAw==",
      "requires": {
        "jju": "^1.4.0",
        "try-catch": "^3.0.0"
      }
    },
    "stat-mode": {
      "version": "1.0.0",
      "resolved": "https://registry.npmjs.org/stat-mode/-/stat-mode-1.0.0.tgz",
      "integrity": "sha512-jH9EhtKIjuXZ2cWxmXS8ZP80XyC3iasQxMDV8jzhNJpfDb7VbQLVW4Wvsxz9QZvzV+G4YoSfBUVKDOyxLzi/sg=="
    },
    "timem": {
      "version": "3.0.0",
      "resolved": "https://registry.npmjs.org/timem/-/timem-3.0.0.tgz",
      "integrity": "sha512-2gVEJ3GPEQcWmtHuyoafUrSQbpRQExEsR3xmPqtGLdERqb1ez32HW8iyVwz9P3FrTl5qmBJZf9zEIGLZKCCHGA=="
    },
    "try-catch": {
      "version": "3.0.1",
      "resolved": "https://registry.npmjs.org/try-catch/-/try-catch-3.0.1.tgz",
      "integrity": "sha512-91yfXw1rr/P6oLpHSyHDOHm0vloVvUoo9FVdw8YwY05QjJQG9OT0LUxe2VRAzmHG+0CUOmI3nhxDUMLxDN/NEQ=="
    },
    "try-to-catch": {
      "version": "3.0.1",
      "resolved": "https://registry.npmjs.org/try-to-catch/-/try-to-catch-3.0.1.tgz",
      "integrity": "sha512-hOY83V84Hx/1sCzDSaJA+Xz2IIQOHRvjxzt+F0OjbQGPZ6yLPLArMA0gw/484MlfUkQbCpKYMLX3VDCAjWKfzQ=="
    },
    "writejson": {
      "version": "3.0.0",
      "resolved": "https://registry.npmjs.org/writejson/-/writejson-3.0.0.tgz",
      "integrity": "sha512-ekMZxrB4zBl0RHBlObSVcU+2Nx7Xe9vZLcgJFe2oHLfgkjl5LueAgilGrgXVKJRs/y/xP3FteyvUP3QurJ058A==",
      "requires": {
        "try-catch": "^3.0.0"
      }
    }
  }
}
